<?xml version="1.0" encoding="utf-8"?>
<Project ToolsVersion="4.0" xmlns="http://schemas.microsoft.com/developer/msbuild/2003">
  <ItemGroup>
    <Filter Include="Internal">
      <UniqueIdentifier>{a3c4800d-530b-48a5-9630-84e0aa860391}</UniqueIdentifier>
    </Filter>
    <Filter Include="Utils">
      <UniqueIdentifier>{5e2257c8-74fa-4e6e-92dd-02ebbd5af55b}</UniqueIdentifier>
    </Filter>
    <Filter Include="Interface">
      <UniqueIdentifier>{f7066548-3a36-4e1c-96ba-956afba8ab7f}</UniqueIdentifier>
    </Filter>
  </ItemGroup>
  <ItemGroup>
    <ClInclude Include="network_utils.h">
      <Filter>Utils</Filter>
    </ClInclude>
    <ClInclude Include="network_client.h">
      <Filter>Internal</Filter>
    </ClInclude>
    <ClInclude Include="network_udp.h">
      <Filter>Internal</Filter>
    </ClInclude>
    <ClInclude Include="network_server.h">
      <Filter>Internal</Filter>
    </ClInclude>
    <ClInclude Include="network_tcp.h">
      <Filter>Internal</Filter>
    </ClInclude>
    <ClInclude Include="network_internal.h">
      <Filter>Internal</Filter>
    </ClInclude>
    <ClInclude Include="network.h">
      <Filter>Interface</Filter>
    </ClInclude>
  </ItemGroup>
  <ItemGroup>
    <ClCompile Include="network_utils.c">
      <Filter>Utils</Filter>
    </ClCompile>
    <ClCompile Include="network_client.c">
      <Filter>Internal</Filter>
    </ClCompile>
    <ClCompile Include="network_udp.c">
      <Filter>Internal</Filter>
    </ClCompile>
    <ClCompile Include="network_server.c">
      <Filter>Internal</Filter>
    </ClCompile>
    <ClCompile Include="network_tcp.c">
      <Filter>Internal</Filter>
    </ClCompile>
    <ClCompile Include="network_internal.c">
      <Filter>Internal</Filter>
    </ClCompile>
    <ClCompile Include="network.c">
      <Filter>Interface</Filter>
    </ClCompile>
  </ItemGroup>
</Project>