<?xml version="1.0" encoding="utf-8"?>
<Project ToolsVersion="4.0" xmlns="http://schemas.microsoft.com/developer/msbuild/2003">
  <ItemGroup>
    <Filter Include="Components">
      <UniqueIdentifier>{9c03322f-1792-41ba-8e4e-2c0548cc9f5e}</UniqueIdentifier>
    </Filter>
    <Filter Include="Interface">
      <UniqueIdentifier>{08e9d483-918a-4266-a8c7-5fdabb12d24d}</UniqueIdentifier>
    </Filter>
    <Filter Include="Utils">
      <UniqueIdentifier>{37c1ae20-a5f6-457c-ae01-f5994576cc7c}</UniqueIdentifier>
    </Filter>
  </ItemGroup>
  <ItemGroup>
    <ClCompile Include="interface_utils.c">
      <Filter>Utils</Filter>
    </ClCompile>
    <ClCompile Include="interface_render.c">
      <Filter>Utils</Filter>
    </ClCompile>
    <ClCompile Include="interface_logic.c">
      <Filter>Interface</Filter>
    </ClCompile>
    <ClCompile Include="interface_building.c">
      <Filter>Interface</Filter>
    </ClCompile>
    <ClCompile Include="interface_block.c">
      <Filter>Components</Filter>
    </ClCompile>
    <ClCompile Include="interface_textfield.c">
      <Filter>Components</Filter>
    </ClCompile>
    <ClCompile Include="interface_button.c">
      <Filter>Components</Filter>
    </ClCompile>
    <ClCompile Include="interface_checkbox.c">
      <Filter>Components</Filter>
    </ClCompile>
    <ClCompile Include="interface_component.c">
      <Filter>Components</Filter>
    </ClCompile>
    <ClCompile Include="interface_label.c">
      <Filter>Components</Filter>
    </ClCompile>
    <ClCompile Include="interface_list.c">
      <Filter>Components</Filter>
    </ClCompile>
    <ClCompile Include="interface_radiobutton.c">
      <Filter>Components</Filter>
    </ClCompile>
    <ClCompile Include="interface_sidepanel.c">
      <Filter>Components</Filter>
    </ClCompile>
    <ClCompile Include="interface_slider.c">
      <Filter>Components</Filter>
    </ClCompile>
  </ItemGroup>
  <ItemGroup>
    <ClInclude Include="interface_render.h">
      <Filter>Utils</Filter>
    </ClInclude>
    <ClInclude Include="interface_utils.h">
      <Filter>Utils</Filter>
    </ClInclude>
    <ClInclude Include="interface.h">
      <Filter>Interface</Filter>
    </ClInclude>
    <ClInclude Include="interface_logic.h">
      <Filter>Interface</Filter>
    </ClInclude>
    <ClInclude Include="interface_building.h">
      <Filter>Interface</Filter>
    </ClInclude>
    <ClInclude Include="interface_main.h">
      <Filter>Interface</Filter>
    </ClInclude>
    <ClInclude Include="interface_block.h">
      <Filter>Components</Filter>
    </ClInclude>
    <ClInclude Include="interface_textfield.h">
      <Filter>Components</Filter>
    </ClInclude>
    <ClInclude Include="interface_button.h">
      <Filter>Components</Filter>
    </ClInclude>
    <ClInclude Include="interface_checkbox.h">
      <Filter>Components</Filter>
    </ClInclude>
    <ClInclude Include="interface_component.h">
      <Filter>Components</Filter>
    </ClInclude>
    <ClInclude Include="interface_label.h">
      <Filter>Components</Filter>
    </ClInclude>
    <ClInclude Include="interface_list.h">
      <Filter>Components</Filter>
    </ClInclude>
    <ClInclude Include="interface_radiobutton.h">
      <Filter>Components</Filter>
    </ClInclude>
    <ClInclude Include="interface_sidepanel.h">
      <Filter>Components</Filter>
    </ClInclude>
    <ClInclude Include="interface_slider.h">
      <Filter>Components</Filter>
    </ClInclude>
  </ItemGroup>
</Project>